PODS:
  - Alamofire (5.4.1)
  - Realm (10.5.2):
    - Realm/Headers (= 10.5.2)
  - Realm/Headers (10.5.2)
  - RealmSwift (10.5.2):
    - Realm (= 10.5.2)

DEPENDENCIES:
  - Alamofire (~> 5.4)
  - RealmSwift

SPEC REPOS:
  trunk:
    - Alamofire
    - Realm
    - RealmSwift

SPEC CHECKSUMS:
  Alamofire: 2291f7d21ca607c491dd17642e5d40fdcda0e65c
  Realm: 2e1bc0d28301006176692da234deff51f867d5ae
  RealmSwift: a522ad39715e8b4e491af4460059bc32b84f5a9b

PODFILE CHECKSUM: 2036f579e042b3df070869d14025b654b782ae49

COCOAPODS: 1.10.1
